
Microsoft Visual Studio Solution File, Format Version 12.00
# Visual Studio Version 17
VisualStudioVersion = 17.13.35913.81
MinimumVisualStudioVersion = 10.0.40219.1
Project("{FAE04EC0-301F-11D3-BF4B-00C04F79EFBC}") = "TestingSP", "TestingSP\TestingSP.csproj", "{32483D90-FA9F-473D-8DD8-A70A35E08EA6}"
EndProject
Project("{FAE04EC0-301F-11D3-BF4B-00C04F79EFBC}") = "UploadImageThread", "UploadImageThread\UploadImageThread.csproj", "{2C7D0F99-1EE6-47E7-8B86-69A7FEAE25DF}"
EndProject
Project("{FAE04EC0-301F-11D3-BF4B-00C04F79EFBC}") = "ThreadAndDatabase", "ThreadAndDatabase\ThreadAndDatabase.csproj", "{AEDC5BA7-8D5C-4A0B-BD33-22315743B11E}"
EndProject
Project("{FAE04EC0-301F-11D3-BF4B-00C04F79EFBC}") = "ListCountryApi", "ListCountryApi\ListCountryApi.csproj", "{CEAA15F3-B68C-4456-9248-6EE6C70C9E67}"
EndProject
Project("{FAE04EC0-301F-11D3-BF4B-00C04F79EFBC}") = "GetWeatherParallelFor", "GetWeatherParallelFor\GetWeatherParallelFor.csproj", "{F1AD92EF-51BA-48F0-93EA-9F32406690B4}"
EndProject
Project("{FAE04EC0-301F-11D3-BF4B-00C04F79EFBC}") = "NovaPoshtaParallelFor", "NovaPoshtaParallelFor\NovaPoshtaParallelFor.csproj", "{B84620CE-F496-4F84-893E-AB6735D2C496}"
EndProject
Global
	GlobalSection(SolutionConfigurationPlatforms) = preSolution
		Debug|Any CPU = Debug|Any CPU
		Release|Any CPU = Release|Any CPU
	EndGlobalSection
	GlobalSection(ProjectConfigurationPlatforms) = postSolution
		{32483D90-FA9F-473D-8DD8-A70A35E08EA6}.Debug|Any CPU.ActiveCfg = Debug|Any CPU
		{32483D90-FA9F-473D-8DD8-A70A35E08EA6}.Debug|Any CPU.Build.0 = Debug|Any CPU
		{32483D90-FA9F-473D-8DD8-A70A35E08EA6}.Release|Any CPU.ActiveCfg = Release|Any CPU
		{32483D90-FA9F-473D-8DD8-A70A35E08EA6}.Release|Any CPU.Build.0 = Release|Any CPU
		{2C7D0F99-1EE6-47E7-8B86-69A7FEAE25DF}.Debug|Any CPU.ActiveCfg = Debug|Any CPU
		{2C7D0F99-1EE6-47E7-8B86-69A7FEAE25DF}.Debug|Any CPU.Build.0 = Debug|Any CPU
		{2C7D0F99-1EE6-47E7-8B86-69A7FEAE25DF}.Release|Any CPU.ActiveCfg = Release|Any CPU
		{2C7D0F99-1EE6-47E7-8B86-69A7FEAE25DF}.Release|Any CPU.Build.0 = Release|Any CPU
		{AEDC5BA7-8D5C-4A0B-BD33-22315743B11E}.Debug|Any CPU.ActiveCfg = Debug|Any CPU
		{AEDC5BA7-8D5C-4A0B-BD33-22315743B11E}.Debug|Any CPU.Build.0 = Debug|Any CPU
		{AEDC5BA7-8D5C-4A0B-BD33-22315743B11E}.Release|Any CPU.ActiveCfg = Release|Any CPU
		{AEDC5BA7-8D5C-4A0B-BD33-22315743B11E}.Release|Any CPU.Build.0 = Release|Any CPU
		{CEAA15F3-B68C-4456-9248-6EE6C70C9E67}.Debug|Any CPU.ActiveCfg = Debug|Any CPU
		{CEAA15F3-B68C-4456-9248-6EE6C70C9E67}.Debug|Any CPU.Build.0 = Debug|Any CPU
		{CEAA15F3-B68C-4456-9248-6EE6C70C9E67}.Release|Any CPU.ActiveCfg = Release|Any CPU
		{CEAA15F3-B68C-4456-9248-6EE6C70C9E67}.Release|Any CPU.Build.0 = Release|Any CPU
		{F1AD92EF-51BA-48F0-93EA-9F32406690B4}.Debug|Any CPU.ActiveCfg = Debug|Any CPU
		{F1AD92EF-51BA-48F0-93EA-9F32406690B4}.Debug|Any CPU.Build.0 = Debug|Any CPU
		{F1AD92EF-51BA-48F0-93EA-9F32406690B4}.Release|Any CPU.ActiveCfg = Release|Any CPU
		{F1AD92EF-51BA-48F0-93EA-9F32406690B4}.Release|Any CPU.Build.0 = Release|Any CPU
		{B84620CE-F496-4F84-893E-AB6735D2C496}.Debug|Any CPU.ActiveCfg = Debug|Any CPU
		{B84620CE-F496-4F84-893E-AB6735D2C496}.Debug|Any CPU.Build.0 = Debug|Any CPU
		{B84620CE-F496-4F84-893E-AB6735D2C496}.Release|Any CPU.ActiveCfg = Release|Any CPU
		{B84620CE-F496-4F84-893E-AB6735D2C496}.Release|Any CPU.Build.0 = Release|Any CPU
	EndGlobalSection
	GlobalSection(SolutionProperties) = preSolution
		HideSolutionNode = FALSE
	EndGlobalSection
	GlobalSection(ExtensibilityGlobals) = postSolution
		SolutionGuid = {34FBFB0A-D788-4E7E-A509-462B9F9544A6}
	EndGlobalSection
EndGlobal
